// !$*UTF8*$!
{
	archiveVersion = 1;
	classes = {
	};
	objectVersion = 48;
	objects = {

/* Begin PBXBuildFile section */
		0103FE7EEDB20121DCC59CDD /* Pods_Eagle_Quote_AlvinUITests.framework in Frameworks */ = {isa = PBXBuildFile; fileRef = 797F9F2ACC67F4AFA3B5E635 /* Pods_Eagle_Quote_AlvinUITests.framework */; };
		24347305DFD1D676687F7EEC /* Pods_Eagle_Quote_AlvinTests.framework in Frameworks */ = {isa = PBXBuildFile; fileRef = 981AD05C9F8483D28CB1E6F5 /* Pods_Eagle_Quote_AlvinTests.framework */; };
		7230CBB62132659E000176D5 /* OpenSans-Bold.ttf in Resources */ = {isa = PBXBuildFile; fileRef = 7230CB9A2132656A000176D5 /* OpenSans-Bold.ttf */; };
		7230CBB72132659E000176D5 /* OpenSans-BoldItalic.ttf in Resources */ = {isa = PBXBuildFile; fileRef = 7230CB9421326569000176D5 /* OpenSans-BoldItalic.ttf */; };
		7230CBB82132659E000176D5 /* OpenSans-ExtraBold.ttf in Resources */ = {isa = PBXBuildFile; fileRef = 7230CBB32132656F000176D5 /* OpenSans-ExtraBold.ttf */; };
		7230CBB92132659E000176D5 /* OpenSans-ExtraBoldItalic.ttf in Resources */ = {isa = PBXBuildFile; fileRef = 7230CB9D2132656A000176D5 /* OpenSans-ExtraBoldItalic.ttf */; };
		7230CBBA2132659E000176D5 /* OpenSans-Italic.ttf in Resources */ = {isa = PBXBuildFile; fileRef = 7230CBAE2132656E000176D5 /* OpenSans-Italic.ttf */; };
		7230CBBB2132659E000176D5 /* OpenSans-Light.ttf in Resources */ = {isa = PBXBuildFile; fileRef = 7230CBA42132656B000176D5 /* OpenSans-Light.ttf */; };
		7230CBBC2132659E000176D5 /* OpenSans-LightItalic.ttf in Resources */ = {isa = PBXBuildFile; fileRef = 7230CB9221326569000176D5 /* OpenSans-LightItalic.ttf */; };
		7230CBBD2132659E000176D5 /* OpenSans-Regular.ttf in Resources */ = {isa = PBXBuildFile; fileRef = 7230CBB12132656F000176D5 /* OpenSans-Regular.ttf */; };
		7230CBBE2132659E000176D5 /* OpenSans-Semibold.ttf in Resources */ = {isa = PBXBuildFile; fileRef = 7230CBA22132656B000176D5 /* OpenSans-Semibold.ttf */; };
		7230CBBF2132659E000176D5 /* OpenSans-SemiboldItalic.ttf in Resources */ = {isa = PBXBuildFile; fileRef = 7230CB9521326569000176D5 /* OpenSans-SemiboldItalic.ttf */; };
		7230CBC02132659E000176D5 /* SFDisplay-Black.otf in Resources */ = {isa = PBXBuildFile; fileRef = 7230CB9321326569000176D5 /* SFDisplay-Black.otf */; };
		7230CBC12132659E000176D5 /* SFDisplay-Bold.otf in Resources */ = {isa = PBXBuildFile; fileRef = 7230CBAF2132656E000176D5 /* SFDisplay-Bold.otf */; };
		7230CBC22132659E000176D5 /* SFDisplay-Heavy.otf in Resources */ = {isa = PBXBuildFile; fileRef = 7230CBA52132656B000176D5 /* SFDisplay-Heavy.otf */; };
		7230CBC32132659E000176D5 /* SFDisplay-Light.otf in Resources */ = {isa = PBXBuildFile; fileRef = 7230CBA12132656B000176D5 /* SFDisplay-Light.otf */; };
		7230CBC42132659E000176D5 /* SFDisplay-Medium.otf in Resources */ = {isa = PBXBuildFile; fileRef = 7230CB9E2132656A000176D5 /* SFDisplay-Medium.otf */; };
		7230CBC52132659E000176D5 /* SFDisplay-Regular.otf in Resources */ = {isa = PBXBuildFile; fileRef = 7230CB962132656A000176D5 /* SFDisplay-Regular.otf */; };
		7230CBC62132659E000176D5 /* SFDisplay-Semibold.otf in Resources */ = {isa = PBXBuildFile; fileRef = 7230CBA02132656B000176D5 /* SFDisplay-Semibold.otf */; };
		7230CBC72132659E000176D5 /* SFDisplay-Thin.otf in Resources */ = {isa = PBXBuildFile; fileRef = 7230CBB02132656E000176D5 /* SFDisplay-Thin.otf */; };
		7230CBC82132659E000176D5 /* SFDisplay-Ultralight.otf in Resources */ = {isa = PBXBuildFile; fileRef = 7230CBA72132656B000176D5 /* SFDisplay-Ultralight.otf */; };
		7230CBC92132659E000176D5 /* SFMono-Bold.otf in Resources */ = {isa = PBXBuildFile; fileRef = 7230CB992132656A000176D5 /* SFMono-Bold.otf */; };
		7230CBCA2132659E000176D5 /* SFMono-Heavy.otf in Resources */ = {isa = PBXBuildFile; fileRef = 7230CB9C2132656A000176D5 /* SFMono-Heavy.otf */; };
		7230CBCB2132659E000176D5 /* SFMono-Light.otf in Resources */ = {isa = PBXBuildFile; fileRef = 7230CBA92132656D000176D5 /* SFMono-Light.otf */; };
		7230CBCC2132659E000176D5 /* SFMono-Medium.otf in Resources */ = {isa = PBXBuildFile; fileRef = 7230CBAD2132656D000176D5 /* SFMono-Medium.otf */; };
		7230CBCD2132659E000176D5 /* SFMono-Regular.otf in Resources */ = {isa = PBXBuildFile; fileRef = 7230CBAA2132656D000176D5 /* SFMono-Regular.otf */; };
		7230CBCE2132659E000176D5 /* SFText-Bold.otf in Resources */ = {isa = PBXBuildFile; fileRef = 7230CBB22132656F000176D5 /* SFText-Bold.otf */; };
		7230CBCF2132659E000176D5 /* SFText-BoldItalic.otf in Resources */ = {isa = PBXBuildFile; fileRef = 7230CBA82132656C000176D5 /* SFText-BoldItalic.otf */; };
		7230CBD02132659E000176D5 /* SFText-Heavy.otf in Resources */ = {isa = PBXBuildFile; fileRef = 7230CBB42132656F000176D5 /* SFText-Heavy.otf */; };
		7230CBD12132659E000176D5 /* SFText-HeavyItalic.otf in Resources */ = {isa = PBXBuildFile; fileRef = 7230CBA32132656B000176D5 /* SFText-HeavyItalic.otf */; };
		7230CBD22132659E000176D5 /* SFText-Light.otf in Resources */ = {isa = PBXBuildFile; fileRef = 7230CB9B2132656A000176D5 /* SFText-Light.otf */; };
		7230CBD32132659E000176D5 /* SFText-LightItalic.otf in Resources */ = {isa = PBXBuildFile; fileRef = 7230CB9F2132656B000176D5 /* SFText-LightItalic.otf */; };
		7230CBD42132659E000176D5 /* SFText-Medium.otf in Resources */ = {isa = PBXBuildFile; fileRef = 7230CB972132656A000176D5 /* SFText-Medium.otf */; };
		7230CBD52132659E000176D5 /* SFText-MediumItalic.otf in Resources */ = {isa = PBXBuildFile; fileRef = 7230CBB52132656F000176D5 /* SFText-MediumItalic.otf */; };
		7230CBD62132659E000176D5 /* SFText-Regular.otf in Resources */ = {isa = PBXBuildFile; fileRef = 7230CBAB2132656D000176D5 /* SFText-Regular.otf */; };
		7230CBD72132659E000176D5 /* SFText-RegularItalic.otf in Resources */ = {isa = PBXBuildFile; fileRef = 7230CBAC2132656D000176D5 /* SFText-RegularItalic.otf */; };
		7230CBD82132659E000176D5 /* SFText-Semibold.otf in Resources */ = {isa = PBXBuildFile; fileRef = 7230CBA62132656B000176D5 /* SFText-Semibold.otf */; };
		7230CBD92132659E000176D5 /* SFText-SemiboldItalic.otf in Resources */ = {isa = PBXBuildFile; fileRef = 7230CB982132656A000176D5 /* SFText-SemiboldItalic.otf */; };
		72487D612133835C00751E11 /* Login.json in Resources */ = {isa = PBXBuildFile; fileRef = 72487D602133835C00751E11 /* Login.json */; };
		725CFEF321328180004C60C7 /* Premiums.swift in Sources */ = {isa = PBXBuildFile; fileRef = 725CFEF221328180004C60C7 /* Premiums.swift */; };
		725CFEF521328259004C60C7 /* ClientTests.swift in Sources */ = {isa = PBXBuildFile; fileRef = 725CFEF421328259004C60C7 /* ClientTests.swift */; };
		725CFEF72132841F004C60C7 /* Client.swift in Sources */ = {isa = PBXBuildFile; fileRef = 725CFEF62132841F004C60C7 /* Client.swift */; };
		725CFEF921328747004C60C7 /* Helpers.swift in Sources */ = {isa = PBXBuildFile; fileRef = 725CFEF821328747004C60C7 /* Helpers.swift */; };
		725CFEFB21328E94004C60C7 /* QuoteTests.swift in Sources */ = {isa = PBXBuildFile; fileRef = 725CFEFA21328E94004C60C7 /* QuoteTests.swift */; };
		725CFEFD21328FBB004C60C7 /* Quote.swift in Sources */ = {isa = PBXBuildFile; fileRef = 725CFEFC21328FBB004C60C7 /* Quote.swift */; };
		725CFEFF21329176004C60C7 /* EndpointPagingTests.swift in Sources */ = {isa = PBXBuildFile; fileRef = 725CFEFE21329176004C60C7 /* EndpointPagingTests.swift */; };
		725CFF0121329CFD004C60C7 /* EndpointPaging.swift in Sources */ = {isa = PBXBuildFile; fileRef = 725CFF0021329CFD004C60C7 /* EndpointPaging.swift */; };
		725CFF0321329D92004C60C7 /* EndpointResponseTests.swift in Sources */ = {isa = PBXBuildFile; fileRef = 725CFF0221329D92004C60C7 /* EndpointResponseTests.swift */; };
		725CFF0521329EBB004C60C7 /* EndpointResponse.swift in Sources */ = {isa = PBXBuildFile; fileRef = 725CFF0421329EBB004C60C7 /* EndpointResponse.swift */; };
		725CFF092132A0F6004C60C7 /* QuotesResultTests.swift in Sources */ = {isa = PBXBuildFile; fileRef = 725CFF082132A0F6004C60C7 /* QuotesResultTests.swift */; };
		725CFF0B2132A1B0004C60C7 /* QuotesResult.swift in Sources */ = {isa = PBXBuildFile; fileRef = 725CFF0A2132A1B0004C60C7 /* QuotesResult.swift */; };
		725CFF0D2132A30B004C60C7 /* Authorization.swift in Sources */ = {isa = PBXBuildFile; fileRef = 725CFF0C2132A30B004C60C7 /* Authorization.swift */; };
		725CFF0F2132A325004C60C7 /* AuthorizationTests.swift in Sources */ = {isa = PBXBuildFile; fileRef = 725CFF0E2132A325004C60C7 /* AuthorizationTests.swift */; };
		725CFF112132A406004C60C7 /* UserTests.swift in Sources */ = {isa = PBXBuildFile; fileRef = 725CFF102132A406004C60C7 /* UserTests.swift */; };
		725CFF132132A52A004C60C7 /* User.swift in Sources */ = {isa = PBXBuildFile; fileRef = 725CFF122132A52A004C60C7 /* User.swift */; };
		725CFF152132A6DC004C60C7 /* LoginResultTests.swift in Sources */ = {isa = PBXBuildFile; fileRef = 725CFF142132A6DC004C60C7 /* LoginResultTests.swift */; };
		725CFF172132A799004C60C7 /* LoginResult.swift in Sources */ = {isa = PBXBuildFile; fileRef = 725CFF162132A799004C60C7 /* LoginResult.swift */; };
		725CFF192132A8DB004C60C7 /* QuoteEmailTests.swift in Sources */ = {isa = PBXBuildFile; fileRef = 725CFF182132A8DB004C60C7 /* QuoteEmailTests.swift */; };
		725CFF1B2132AA87004C60C7 /* QuoteEmail.swift in Sources */ = {isa = PBXBuildFile; fileRef = 725CFF1A2132AA87004C60C7 /* QuoteEmail.swift */; };
		725CFF1E2132B216004C60C7 /* ScrollViewController.swift in Sources */ = {isa = PBXBuildFile; fileRef = 725CFF1D2132B216004C60C7 /* ScrollViewController.swift */; };
		725CFF242132B333004C60C7 /* KeychainService.swift in Sources */ = {isa = PBXBuildFile; fileRef = 725CFF232132B333004C60C7 /* KeychainService.swift */; };
		725CFF272132B522004C60C7 /* ViewService.swift in Sources */ = {isa = PBXBuildFile; fileRef = 725CFF262132B522004C60C7 /* ViewService.swift */; };
		725CFF292132B647004C60C7 /* SessionService.swift in Sources */ = {isa = PBXBuildFile; fileRef = 725CFF282132B647004C60C7 /* SessionService.swift */; };
		725CFF302132CC3A004C60C7 /* LoginController.swift in Sources */ = {isa = PBXBuildFile; fileRef = 725CFF2F2132CC3A004C60C7 /* LoginController.swift */; };
		725CFF322132CC58004C60C7 /* LoginController.xib in Resources */ = {isa = PBXBuildFile; fileRef = 725CFF312132CC58004C60C7 /* LoginController.xib */; };
		725CFF362132CD1F004C60C7 /* BaseCoordinator.swift in Sources */ = {isa = PBXBuildFile; fileRef = 725CFF352132CD1F004C60C7 /* BaseCoordinator.swift */; };
		725CFF382132CD4D004C60C7 /* AppCoordinator.swift in Sources */ = {isa = PBXBuildFile; fileRef = 725CFF372132CD4D004C60C7 /* AppCoordinator.swift */; };
		725CFF3B2132CE51004C60C7 /* LoginCoordinator.swift in Sources */ = {isa = PBXBuildFile; fileRef = 725CFF3A2132CE51004C60C7 /* LoginCoordinator.swift */; };
		725EAD432132767F000F4676 /* AccessTokenTests.swift in Sources */ = {isa = PBXBuildFile; fileRef = 725EAD422132767F000F4676 /* AccessTokenTests.swift */; };
		725EAD4521327801000F4676 /* AccessToken.swift in Sources */ = {isa = PBXBuildFile; fileRef = 725EAD4421327801000F4676 /* AccessToken.swift */; };
		7264D472213280A700A35795 /* PremiumsTests.swift in Sources */ = {isa = PBXBuildFile; fileRef = 7264D471213280A700A35795 /* PremiumsTests.swift */; };
		728EBED32133717000F13E10 /* APIServiceType.swift in Sources */ = {isa = PBXBuildFile; fileRef = 728EBED22133717000F13E10 /* APIServiceType.swift */; };
		728EBED6213371C300F13E10 /* EagleQuoteAPI.swift in Sources */ = {isa = PBXBuildFile; fileRef = 728EBED5213371C300F13E10 /* EagleQuoteAPI.swift */; };
		728EBED82133721400F13E10 /* AuthorizedEagleQuoteAPI.swift in Sources */ = {isa = PBXBuildFile; fileRef = 728EBED72133721400F13E10 /* AuthorizedEagleQuoteAPI.swift */; };
		728EBEDA213377BF00F13E10 /* AuthorizedAPIServiceType.swift in Sources */ = {isa = PBXBuildFile; fileRef = 728EBED9213377BF00F13E10 /* AuthorizedAPIServiceType.swift */; };
		728EBEDC213378F900F13E10 /* APIService.swift in Sources */ = {isa = PBXBuildFile; fileRef = 728EBEDB213378F900F13E10 /* APIService.swift */; };
		728EBEDE21337C4B00F13E10 /* AuthorizedAPIService.swift in Sources */ = {isa = PBXBuildFile; fileRef = 728EBEDD21337C4B00F13E10 /* AuthorizedAPIService.swift */; };
		728EBEE021337F0D00F13E10 /* APIServiceTests.swift in Sources */ = {isa = PBXBuildFile; fileRef = 728EBEDF21337F0D00F13E10 /* APIServiceTests.swift */; };
		728EBEE2213383D500F13E10 /* Quotes.json in Resources */ = {isa = PBXBuildFile; fileRef = 728EBEE1213383D500F13E10 /* Quotes.json */; };
		728EBEE621338D2700F13E10 /* AuthorizedAPIServiceTests.swift in Sources */ = {isa = PBXBuildFile; fileRef = 728EBEE521338D2700F13E10 /* AuthorizedAPIServiceTests.swift */; };
		72C4A4D421325DDA005383F0 /* AppDelegate.swift in Sources */ = {isa = PBXBuildFile; fileRef = 72C4A4D321325DDA005383F0 /* AppDelegate.swift */; };
		72C4A4DB21325DDA005383F0 /* Assets.xcassets in Resources */ = {isa = PBXBuildFile; fileRef = 72C4A4DA21325DDA005383F0 /* Assets.xcassets */; };
		72C4A4DE21325DDA005383F0 /* LaunchScreen.storyboard in Resources */ = {isa = PBXBuildFile; fileRef = 72C4A4DC21325DDA005383F0 /* LaunchScreen.storyboard */; };
		72C4A4E921325DDA005383F0 /* Eagle_Quote_AlvinTests.swift in Sources */ = {isa = PBXBuildFile; fileRef = 72C4A4E821325DDA005383F0 /* Eagle_Quote_AlvinTests.swift */; };
		72C4A4F421325DDA005383F0 /* Eagle_Quote_AlvinUITests.swift in Sources */ = {isa = PBXBuildFile; fileRef = 72C4A4F321325DDA005383F0 /* Eagle_Quote_AlvinUITests.swift */; };
		DA8C35D342D1B6FAA117CC7A /* Pods_Eagle_Quote_Alvin.framework in Frameworks */ = {isa = PBXBuildFile; fileRef = 9AA1F953851AB9D585373A30 /* Pods_Eagle_Quote_Alvin.framework */; };
/* End PBXBuildFile section */

/* Begin PBXContainerItemProxy section */
		72C4A4E521325DDA005383F0 /* PBXContainerItemProxy */ = {
			isa = PBXContainerItemProxy;
			containerPortal = 72C4A4C821325DDA005383F0 /* Project object */;
			proxyType = 1;
			remoteGlobalIDString = 72C4A4CF21325DDA005383F0;
			remoteInfo = "Eagle Quote Alvin";
		};
		72C4A4F021325DDA005383F0 /* PBXContainerItemProxy */ = {
			isa = PBXContainerItemProxy;
			containerPortal = 72C4A4C821325DDA005383F0 /* Project object */;
			proxyType = 1;
			remoteGlobalIDString = 72C4A4CF21325DDA005383F0;
			remoteInfo = "Eagle Quote Alvin";
		};
/* End PBXContainerItemProxy section */

/* Begin PBXFileReference section */
		2791F190CB84810162332253 /* Pods-Eagle Quote AlvinTests.release.xcconfig */ = {isa = PBXFileReference; includeInIndex = 1; lastKnownFileType = text.xcconfig; name = "Pods-Eagle Quote AlvinTests.release.xcconfig"; path = "Pods/Target Support Files/Pods-Eagle Quote AlvinTests/Pods-Eagle Quote AlvinTests.release.xcconfig"; sourceTree = "<group>"; };
		32910A966178FA6F765D952D /* Pods-Eagle Quote AlvinUITests.release.xcconfig */ = {isa = PBXFileReference; includeInIndex = 1; lastKnownFileType = text.xcconfig; name = "Pods-Eagle Quote AlvinUITests.release.xcconfig"; path = "Pods/Target Support Files/Pods-Eagle Quote AlvinUITests/Pods-Eagle Quote AlvinUITests.release.xcconfig"; sourceTree = "<group>"; };
		40D53BE98614FD6C8F7AE64C /* Pods-Eagle Quote Alvin.debug.xcconfig */ = {isa = PBXFileReference; includeInIndex = 1; lastKnownFileType = text.xcconfig; name = "Pods-Eagle Quote Alvin.debug.xcconfig"; path = "Pods/Target Support Files/Pods-Eagle Quote Alvin/Pods-Eagle Quote Alvin.debug.xcconfig"; sourceTree = "<group>"; };
		7230CB9221326569000176D5 /* OpenSans-LightItalic.ttf */ = {isa = PBXFileReference; lastKnownFileType = file; path = "OpenSans-LightItalic.ttf"; sourceTree = "<group>"; };
		7230CB9321326569000176D5 /* SFDisplay-Black.otf */ = {isa = PBXFileReference; lastKnownFileType = file; path = "SFDisplay-Black.otf"; sourceTree = "<group>"; };
		7230CB9421326569000176D5 /* OpenSans-BoldItalic.ttf */ = {isa = PBXFileReference; lastKnownFileType = file; path = "OpenSans-BoldItalic.ttf"; sourceTree = "<group>"; };
		7230CB9521326569000176D5 /* OpenSans-SemiboldItalic.ttf */ = {isa = PBXFileReference; lastKnownFileType = file; path = "OpenSans-SemiboldItalic.ttf"; sourceTree = "<group>"; };
		7230CB962132656A000176D5 /* SFDisplay-Regular.otf */ = {isa = PBXFileReference; lastKnownFileType = file; path = "SFDisplay-Regular.otf"; sourceTree = "<group>"; };
		7230CB972132656A000176D5 /* SFText-Medium.otf */ = {isa = PBXFileReference; lastKnownFileType = file; path = "SFText-Medium.otf"; sourceTree = "<group>"; };
		7230CB982132656A000176D5 /* SFText-SemiboldItalic.otf */ = {isa = PBXFileReference; lastKnownFileType = file; path = "SFText-SemiboldItalic.otf"; sourceTree = "<group>"; };
		7230CB992132656A000176D5 /* SFMono-Bold.otf */ = {isa = PBXFileReference; lastKnownFileType = file; path = "SFMono-Bold.otf"; sourceTree = "<group>"; };
		7230CB9A2132656A000176D5 /* OpenSans-Bold.ttf */ = {isa = PBXFileReference; lastKnownFileType = file; path = "OpenSans-Bold.ttf"; sourceTree = "<group>"; };
		7230CB9B2132656A000176D5 /* SFText-Light.otf */ = {isa = PBXFileReference; lastKnownFileType = file; path = "SFText-Light.otf"; sourceTree = "<group>"; };
		7230CB9C2132656A000176D5 /* SFMono-Heavy.otf */ = {isa = PBXFileReference; lastKnownFileType = file; path = "SFMono-Heavy.otf"; sourceTree = "<group>"; };
		7230CB9D2132656A000176D5 /* OpenSans-ExtraBoldItalic.ttf */ = {isa = PBXFileReference; lastKnownFileType = file; path = "OpenSans-ExtraBoldItalic.ttf"; sourceTree = "<group>"; };
		7230CB9E2132656A000176D5 /* SFDisplay-Medium.otf */ = {isa = PBXFileReference; lastKnownFileType = file; path = "SFDisplay-Medium.otf"; sourceTree = "<group>"; };
		7230CB9F2132656B000176D5 /* SFText-LightItalic.otf */ = {isa = PBXFileReference; lastKnownFileType = file; path = "SFText-LightItalic.otf"; sourceTree = "<group>"; };
		7230CBA02132656B000176D5 /* SFDisplay-Semibold.otf */ = {isa = PBXFileReference; lastKnownFileType = file; path = "SFDisplay-Semibold.otf"; sourceTree = "<group>"; };
		7230CBA12132656B000176D5 /* SFDisplay-Light.otf */ = {isa = PBXFileReference; lastKnownFileType = file; path = "SFDisplay-Light.otf"; sourceTree = "<group>"; };
		7230CBA22132656B000176D5 /* OpenSans-Semibold.ttf */ = {isa = PBXFileReference; lastKnownFileType = file; path = "OpenSans-Semibold.ttf"; sourceTree = "<group>"; };
		7230CBA32132656B000176D5 /* SFText-HeavyItalic.otf */ = {isa = PBXFileReference; lastKnownFileType = file; path = "SFText-HeavyItalic.otf"; sourceTree = "<group>"; };
		7230CBA42132656B000176D5 /* OpenSans-Light.ttf */ = {isa = PBXFileReference; lastKnownFileType = file; path = "OpenSans-Light.ttf"; sourceTree = "<group>"; };
		7230CBA52132656B000176D5 /* SFDisplay-Heavy.otf */ = {isa = PBXFileReference; lastKnownFileType = file; path = "SFDisplay-Heavy.otf"; sourceTree = "<group>"; };
		7230CBA62132656B000176D5 /* SFText-Semibold.otf */ = {isa = PBXFileReference; lastKnownFileType = file; path = "SFText-Semibold.otf"; sourceTree = "<group>"; };
		7230CBA72132656B000176D5 /* SFDisplay-Ultralight.otf */ = {isa = PBXFileReference; lastKnownFileType = file; path = "SFDisplay-Ultralight.otf"; sourceTree = "<group>"; };
		7230CBA82132656C000176D5 /* SFText-BoldItalic.otf */ = {isa = PBXFileReference; lastKnownFileType = file; path = "SFText-BoldItalic.otf"; sourceTree = "<group>"; };
		7230CBA92132656D000176D5 /* SFMono-Light.otf */ = {isa = PBXFileReference; lastKnownFileType = file; path = "SFMono-Light.otf"; sourceTree = "<group>"; };
		7230CBAA2132656D000176D5 /* SFMono-Regular.otf */ = {isa = PBXFileReference; lastKnownFileType = file; path = "SFMono-Regular.otf"; sourceTree = "<group>"; };
		7230CBAB2132656D000176D5 /* SFText-Regular.otf */ = {isa = PBXFileReference; lastKnownFileType = file; path = "SFText-Regular.otf"; sourceTree = "<group>"; };
		7230CBAC2132656D000176D5 /* SFText-RegularItalic.otf */ = {isa = PBXFileReference; lastKnownFileType = file; path = "SFText-RegularItalic.otf"; sourceTree = "<group>"; };
		7230CBAD2132656D000176D5 /* SFMono-Medium.otf */ = {isa = PBXFileReference; lastKnownFileType = file; path = "SFMono-Medium.otf"; sourceTree = "<group>"; };
		7230CBAE2132656E000176D5 /* OpenSans-Italic.ttf */ = {isa = PBXFileReference; lastKnownFileType = file; path = "OpenSans-Italic.ttf"; sourceTree = "<group>"; };
		7230CBAF2132656E000176D5 /* SFDisplay-Bold.otf */ = {isa = PBXFileReference; lastKnownFileType = file; path = "SFDisplay-Bold.otf"; sourceTree = "<group>"; };
		7230CBB02132656E000176D5 /* SFDisplay-Thin.otf */ = {isa = PBXFileReference; lastKnownFileType = file; path = "SFDisplay-Thin.otf"; sourceTree = "<group>"; };
		7230CBB12132656F000176D5 /* OpenSans-Regular.ttf */ = {isa = PBXFileReference; lastKnownFileType = file; path = "OpenSans-Regular.ttf"; sourceTree = "<group>"; };
		7230CBB22132656F000176D5 /* SFText-Bold.otf */ = {isa = PBXFileReference; lastKnownFileType = file; path = "SFText-Bold.otf"; sourceTree = "<group>"; };
		7230CBB32132656F000176D5 /* OpenSans-ExtraBold.ttf */ = {isa = PBXFileReference; lastKnownFileType = file; path = "OpenSans-ExtraBold.ttf"; sourceTree = "<group>"; };
		7230CBB42132656F000176D5 /* SFText-Heavy.otf */ = {isa = PBXFileReference; lastKnownFileType = file; path = "SFText-Heavy.otf"; sourceTree = "<group>"; };
		7230CBB52132656F000176D5 /* SFText-MediumItalic.otf */ = {isa = PBXFileReference; lastKnownFileType = file; path = "SFText-MediumItalic.otf"; sourceTree = "<group>"; };
		72487D602133835C00751E11 /* Login.json */ = {isa = PBXFileReference; lastKnownFileType = text.json; path = Login.json; sourceTree = "<group>"; };
		725CFEF221328180004C60C7 /* Premiums.swift */ = {isa = PBXFileReference; lastKnownFileType = sourcecode.swift; path = Premiums.swift; sourceTree = "<group>"; };
		725CFEF421328259004C60C7 /* ClientTests.swift */ = {isa = PBXFileReference; lastKnownFileType = sourcecode.swift; path = ClientTests.swift; sourceTree = "<group>"; };
		725CFEF62132841F004C60C7 /* Client.swift */ = {isa = PBXFileReference; lastKnownFileType = sourcecode.swift; path = Client.swift; sourceTree = "<group>"; };
		725CFEF821328747004C60C7 /* Helpers.swift */ = {isa = PBXFileReference; lastKnownFileType = sourcecode.swift; path = Helpers.swift; sourceTree = "<group>"; };
		725CFEFA21328E94004C60C7 /* QuoteTests.swift */ = {isa = PBXFileReference; lastKnownFileType = sourcecode.swift; path = QuoteTests.swift; sourceTree = "<group>"; };
		725CFEFC21328FBB004C60C7 /* Quote.swift */ = {isa = PBXFileReference; lastKnownFileType = sourcecode.swift; path = Quote.swift; sourceTree = "<group>"; };
		725CFEFE21329176004C60C7 /* EndpointPagingTests.swift */ = {isa = PBXFileReference; lastKnownFileType = sourcecode.swift; path = EndpointPagingTests.swift; sourceTree = "<group>"; };
		725CFF0021329CFD004C60C7 /* EndpointPaging.swift */ = {isa = PBXFileReference; lastKnownFileType = sourcecode.swift; path = EndpointPaging.swift; sourceTree = "<group>"; };
		725CFF0221329D92004C60C7 /* EndpointResponseTests.swift */ = {isa = PBXFileReference; lastKnownFileType = sourcecode.swift; path = EndpointResponseTests.swift; sourceTree = "<group>"; };
		725CFF0421329EBB004C60C7 /* EndpointResponse.swift */ = {isa = PBXFileReference; lastKnownFileType = sourcecode.swift; path = EndpointResponse.swift; sourceTree = "<group>"; };
		725CFF082132A0F6004C60C7 /* QuotesResultTests.swift */ = {isa = PBXFileReference; lastKnownFileType = sourcecode.swift; path = QuotesResultTests.swift; sourceTree = "<group>"; };
		725CFF0A2132A1B0004C60C7 /* QuotesResult.swift */ = {isa = PBXFileReference; lastKnownFileType = sourcecode.swift; path = QuotesResult.swift; sourceTree = "<group>"; };
		725CFF0C2132A30B004C60C7 /* Authorization.swift */ = {isa = PBXFileReference; lastKnownFileType = sourcecode.swift; path = Authorization.swift; sourceTree = "<group>"; };
		725CFF0E2132A325004C60C7 /* AuthorizationTests.swift */ = {isa = PBXFileReference; lastKnownFileType = sourcecode.swift; path = AuthorizationTests.swift; sourceTree = "<group>"; };
		725CFF102132A406004C60C7 /* UserTests.swift */ = {isa = PBXFileReference; lastKnownFileType = sourcecode.swift; path = UserTests.swift; sourceTree = "<group>"; };
		725CFF122132A52A004C60C7 /* User.swift */ = {isa = PBXFileReference; lastKnownFileType = sourcecode.swift; path = User.swift; sourceTree = "<group>"; };
		725CFF142132A6DC004C60C7 /* LoginResultTests.swift */ = {isa = PBXFileReference; lastKnownFileType = sourcecode.swift; path = LoginResultTests.swift; sourceTree = "<group>"; };
		725CFF162132A799004C60C7 /* LoginResult.swift */ = {isa = PBXFileReference; lastKnownFileType = sourcecode.swift; path = LoginResult.swift; sourceTree = "<group>"; };
		725CFF182132A8DB004C60C7 /* QuoteEmailTests.swift */ = {isa = PBXFileReference; lastKnownFileType = sourcecode.swift; path = QuoteEmailTests.swift; sourceTree = "<group>"; };
		725CFF1A2132AA87004C60C7 /* QuoteEmail.swift */ = {isa = PBXFileReference; lastKnownFileType = sourcecode.swift; path = QuoteEmail.swift; sourceTree = "<group>"; };
		725CFF1D2132B216004C60C7 /* ScrollViewController.swift */ = {isa = PBXFileReference; lastKnownFileType = sourcecode.swift; path = ScrollViewController.swift; sourceTree = "<group>"; };
		725CFF232132B333004C60C7 /* KeychainService.swift */ = {isa = PBXFileReference; lastKnownFileType = sourcecode.swift; path = KeychainService.swift; sourceTree = "<group>"; };
		725CFF262132B522004C60C7 /* ViewService.swift */ = {isa = PBXFileReference; lastKnownFileType = sourcecode.swift; path = ViewService.swift; sourceTree = "<group>"; };
		725CFF282132B647004C60C7 /* SessionService.swift */ = {isa = PBXFileReference; lastKnownFileType = sourcecode.swift; path = SessionService.swift; sourceTree = "<group>"; };
		725CFF2F2132CC3A004C60C7 /* LoginController.swift */ = {isa = PBXFileReference; lastKnownFileType = sourcecode.swift; path = LoginController.swift; sourceTree = "<group>"; };
		725CFF312132CC58004C60C7 /* LoginController.xib */ = {isa = PBXFileReference; lastKnownFileType = file.xib; path = LoginController.xib; sourceTree = "<group>"; };
		725CFF352132CD1F004C60C7 /* BaseCoordinator.swift */ = {isa = PBXFileReference; lastKnownFileType = sourcecode.swift; path = BaseCoordinator.swift; sourceTree = "<group>"; };
		725CFF372132CD4D004C60C7 /* AppCoordinator.swift */ = {isa = PBXFileReference; lastKnownFileType = sourcecode.swift; path = AppCoordinator.swift; sourceTree = "<group>"; };
		725CFF3A2132CE51004C60C7 /* LoginCoordinator.swift */ = {isa = PBXFileReference; lastKnownFileType = sourcecode.swift; path = LoginCoordinator.swift; sourceTree = "<group>"; };
		725EAD422132767F000F4676 /* AccessTokenTests.swift */ = {isa = PBXFileReference; lastKnownFileType = sourcecode.swift; path = AccessTokenTests.swift; sourceTree = "<group>"; };
		725EAD4421327801000F4676 /* AccessToken.swift */ = {isa = PBXFileReference; lastKnownFileType = sourcecode.swift; path = AccessToken.swift; sourceTree = "<group>"; };
		7264D471213280A700A35795 /* PremiumsTests.swift */ = {isa = PBXFileReference; lastKnownFileType = sourcecode.swift; path = PremiumsTests.swift; sourceTree = "<group>"; };
		728EBED22133717000F13E10 /* APIServiceType.swift */ = {isa = PBXFileReference; lastKnownFileType = sourcecode.swift; path = APIServiceType.swift; sourceTree = "<group>"; };
		728EBED5213371C300F13E10 /* EagleQuoteAPI.swift */ = {isa = PBXFileReference; lastKnownFileType = sourcecode.swift; path = EagleQuoteAPI.swift; sourceTree = "<group>"; };
		728EBED72133721400F13E10 /* AuthorizedEagleQuoteAPI.swift */ = {isa = PBXFileReference; lastKnownFileType = sourcecode.swift; path = AuthorizedEagleQuoteAPI.swift; sourceTree = "<group>"; };
		728EBED9213377BF00F13E10 /* AuthorizedAPIServiceType.swift */ = {isa = PBXFileReference; lastKnownFileType = sourcecode.swift; path = AuthorizedAPIServiceType.swift; sourceTree = "<group>"; };
		728EBEDB213378F900F13E10 /* APIService.swift */ = {isa = PBXFileReference; lastKnownFileType = sourcecode.swift; path = APIService.swift; sourceTree = "<group>"; };
		728EBEDD21337C4B00F13E10 /* AuthorizedAPIService.swift */ = {isa = PBXFileReference; lastKnownFileType = sourcecode.swift; path = AuthorizedAPIService.swift; sourceTree = "<group>"; };
		728EBEDF21337F0D00F13E10 /* APIServiceTests.swift */ = {isa = PBXFileReference; lastKnownFileType = sourcecode.swift; path = APIServiceTests.swift; sourceTree = "<group>"; };
		728EBEE1213383D500F13E10 /* Quotes.json */ = {isa = PBXFileReference; lastKnownFileType = text.json; path = Quotes.json; sourceTree = "<group>"; };
		728EBEE521338D2700F13E10 /* AuthorizedAPIServiceTests.swift */ = {isa = PBXFileReference; lastKnownFileType = sourcecode.swift; path = AuthorizedAPIServiceTests.swift; sourceTree = "<group>"; };
		72C4A4D021325DDA005383F0 /* Eagle Quote Alvin.app */ = {isa = PBXFileReference; explicitFileType = wrapper.application; includeInIndex = 0; path = "Eagle Quote Alvin.app"; sourceTree = BUILT_PRODUCTS_DIR; };
		72C4A4D321325DDA005383F0 /* AppDelegate.swift */ = {isa = PBXFileReference; lastKnownFileType = sourcecode.swift; path = AppDelegate.swift; sourceTree = "<group>"; };
		72C4A4DA21325DDA005383F0 /* Assets.xcassets */ = {isa = PBXFileReference; lastKnownFileType = folder.assetcatalog; path = Assets.xcassets; sourceTree = "<group>"; };
		72C4A4DD21325DDA005383F0 /* Base */ = {isa = PBXFileReference; lastKnownFileType = file.storyboard; name = Base; path = Base.lproj/LaunchScreen.storyboard; sourceTree = "<group>"; };
		72C4A4DF21325DDA005383F0 /* Info.plist */ = {isa = PBXFileReference; lastKnownFileType = text.plist.xml; path = Info.plist; sourceTree = "<group>"; };
		72C4A4E421325DDA005383F0 /* Eagle Quote AlvinTests.xctest */ = {isa = PBXFileReference; explicitFileType = wrapper.cfbundle; includeInIndex = 0; path = "Eagle Quote AlvinTests.xctest"; sourceTree = BUILT_PRODUCTS_DIR; };
		72C4A4E821325DDA005383F0 /* Eagle_Quote_AlvinTests.swift */ = {isa = PBXFileReference; lastKnownFileType = sourcecode.swift; path = Eagle_Quote_AlvinTests.swift; sourceTree = "<group>"; };
		72C4A4EA21325DDA005383F0 /* Info.plist */ = {isa = PBXFileReference; lastKnownFileType = text.plist.xml; path = Info.plist; sourceTree = "<group>"; };
		72C4A4EF21325DDA005383F0 /* Eagle Quote AlvinUITests.xctest */ = {isa = PBXFileReference; explicitFileType = wrapper.cfbundle; includeInIndex = 0; path = "Eagle Quote AlvinUITests.xctest"; sourceTree = BUILT_PRODUCTS_DIR; };
		72C4A4F321325DDA005383F0 /* Eagle_Quote_AlvinUITests.swift */ = {isa = PBXFileReference; lastKnownFileType = sourcecode.swift; path = Eagle_Quote_AlvinUITests.swift; sourceTree = "<group>"; };
		72C4A4F521325DDA005383F0 /* Info.plist */ = {isa = PBXFileReference; lastKnownFileType = text.plist.xml; path = Info.plist; sourceTree = "<group>"; };
		797F9F2ACC67F4AFA3B5E635 /* Pods_Eagle_Quote_AlvinUITests.framework */ = {isa = PBXFileReference; explicitFileType = wrapper.framework; includeInIndex = 0; path = Pods_Eagle_Quote_AlvinUITests.framework; sourceTree = BUILT_PRODUCTS_DIR; };
		91FD0E9B2EC2DAD5CAA67D73 /* Pods-Eagle Quote Alvin.release.xcconfig */ = {isa = PBXFileReference; includeInIndex = 1; lastKnownFileType = text.xcconfig; name = "Pods-Eagle Quote Alvin.release.xcconfig"; path = "Pods/Target Support Files/Pods-Eagle Quote Alvin/Pods-Eagle Quote Alvin.release.xcconfig"; sourceTree = "<group>"; };
		981AD05C9F8483D28CB1E6F5 /* Pods_Eagle_Quote_AlvinTests.framework */ = {isa = PBXFileReference; explicitFileType = wrapper.framework; includeInIndex = 0; path = Pods_Eagle_Quote_AlvinTests.framework; sourceTree = BUILT_PRODUCTS_DIR; };
		9AA1F953851AB9D585373A30 /* Pods_Eagle_Quote_Alvin.framework */ = {isa = PBXFileReference; explicitFileType = wrapper.framework; includeInIndex = 0; path = Pods_Eagle_Quote_Alvin.framework; sourceTree = BUILT_PRODUCTS_DIR; };
		9EC100B8421F1D99B2C66A36 /* Pods-Eagle Quote AlvinTests.debug.xcconfig */ = {isa = PBXFileReference; includeInIndex = 1; lastKnownFileType = text.xcconfig; name = "Pods-Eagle Quote AlvinTests.debug.xcconfig"; path = "Pods/Target Support Files/Pods-Eagle Quote AlvinTests/Pods-Eagle Quote AlvinTests.debug.xcconfig"; sourceTree = "<group>"; };
		D5D4409E1FE77D25BED2948E /* Pods-Eagle Quote AlvinUITests.debug.xcconfig */ = {isa = PBXFileReference; includeInIndex = 1; lastKnownFileType = text.xcconfig; name = "Pods-Eagle Quote AlvinUITests.debug.xcconfig"; path = "Pods/Target Support Files/Pods-Eagle Quote AlvinUITests/Pods-Eagle Quote AlvinUITests.debug.xcconfig"; sourceTree = "<group>"; };
/* End PBXFileReference section */

/* Begin PBXFrameworksBuildPhase section */
		72C4A4CD21325DDA005383F0 /* Frameworks */ = {
			isa = PBXFrameworksBuildPhase;
			buildActionMask = 2147483647;
			files = (
				DA8C35D342D1B6FAA117CC7A /* Pods_Eagle_Quote_Alvin.framework in Frameworks */,
			);
			runOnlyForDeploymentPostprocessing = 0;
		};
		72C4A4E121325DDA005383F0 /* Frameworks */ = {
			isa = PBXFrameworksBuildPhase;
			buildActionMask = 2147483647;
			files = (
				24347305DFD1D676687F7EEC /* Pods_Eagle_Quote_AlvinTests.framework in Frameworks */,
			);
			runOnlyForDeploymentPostprocessing = 0;
		};
		72C4A4EC21325DDA005383F0 /* Frameworks */ = {
			isa = PBXFrameworksBuildPhase;
			buildActionMask = 2147483647;
			files = (
				0103FE7EEDB20121DCC59CDD /* Pods_Eagle_Quote_AlvinUITests.framework in Frameworks */,
			);
			runOnlyForDeploymentPostprocessing = 0;
		};
/* End PBXFrameworksBuildPhase section */

/* Begin PBXGroup section */
		690FA34D81752C471DBBF51C /* Frameworks */ = {
			isa = PBXGroup;
			children = (
				9AA1F953851AB9D585373A30 /* Pods_Eagle_Quote_Alvin.framework */,
				981AD05C9F8483D28CB1E6F5 /* Pods_Eagle_Quote_AlvinTests.framework */,
				797F9F2ACC67F4AFA3B5E635 /* Pods_Eagle_Quote_AlvinUITests.framework */,
			);
			name = Frameworks;
			sourceTree = "<group>";
		};
		7230CB90213264B1000176D5 /* Resources */ = {
			isa = PBXGroup;
			children = (
				72C4A4DC21325DDA005383F0 /* LaunchScreen.storyboard */,
				7230CB912132655B000176D5 /* Fonts */,
				72487D5F2133832700751E11 /* StubbedResponses */,
				72C4A4DA21325DDA005383F0 /* Assets.xcassets */,
				72C4A4DF21325DDA005383F0 /* Info.plist */,
			);
			path = Resources;
			sourceTree = "<group>";
		};
		7230CB912132655B000176D5 /* Fonts */ = {
			isa = PBXGroup;
			children = (
				7230CB9A2132656A000176D5 /* OpenSans-Bold.ttf */,
				7230CB9421326569000176D5 /* OpenSans-BoldItalic.ttf */,
				7230CBB32132656F000176D5 /* OpenSans-ExtraBold.ttf */,
				7230CB9D2132656A000176D5 /* OpenSans-ExtraBoldItalic.ttf */,
				7230CBAE2132656E000176D5 /* OpenSans-Italic.ttf */,
				7230CBA42132656B000176D5 /* OpenSans-Light.ttf */,
				7230CB9221326569000176D5 /* OpenSans-LightItalic.ttf */,
				7230CBB12132656F000176D5 /* OpenSans-Regular.ttf */,
				7230CBA22132656B000176D5 /* OpenSans-Semibold.ttf */,
				7230CB9521326569000176D5 /* OpenSans-SemiboldItalic.ttf */,
				7230CB9321326569000176D5 /* SFDisplay-Black.otf */,
				7230CBAF2132656E000176D5 /* SFDisplay-Bold.otf */,
				7230CBA52132656B000176D5 /* SFDisplay-Heavy.otf */,
				7230CBA12132656B000176D5 /* SFDisplay-Light.otf */,
				7230CB9E2132656A000176D5 /* SFDisplay-Medium.otf */,
				7230CB962132656A000176D5 /* SFDisplay-Regular.otf */,
				7230CBA02132656B000176D5 /* SFDisplay-Semibold.otf */,
				7230CBB02132656E000176D5 /* SFDisplay-Thin.otf */,
				7230CBA72132656B000176D5 /* SFDisplay-Ultralight.otf */,
				7230CB992132656A000176D5 /* SFMono-Bold.otf */,
				7230CB9C2132656A000176D5 /* SFMono-Heavy.otf */,
				7230CBA92132656D000176D5 /* SFMono-Light.otf */,
				7230CBAD2132656D000176D5 /* SFMono-Medium.otf */,
				7230CBAA2132656D000176D5 /* SFMono-Regular.otf */,
				7230CBB22132656F000176D5 /* SFText-Bold.otf */,
				7230CBA82132656C000176D5 /* SFText-BoldItalic.otf */,
				7230CBB42132656F000176D5 /* SFText-Heavy.otf */,
				7230CBA32132656B000176D5 /* SFText-HeavyItalic.otf */,
				7230CB9B2132656A000176D5 /* SFText-Light.otf */,
				7230CB9F2132656B000176D5 /* SFText-LightItalic.otf */,
				7230CB972132656A000176D5 /* SFText-Medium.otf */,
				7230CBB52132656F000176D5 /* SFText-MediumItalic.otf */,
				7230CBAB2132656D000176D5 /* SFText-Regular.otf */,
				7230CBAC2132656D000176D5 /* SFText-RegularItalic.otf */,
				7230CBA62132656B000176D5 /* SFText-Semibold.otf */,
				7230CB982132656A000176D5 /* SFText-SemiboldItalic.otf */,
			);
			path = Fonts;
			sourceTree = "<group>";
		};
		72487D5F2133832700751E11 /* StubbedResponses */ = {
			isa = PBXGroup;
			children = (
				72487D602133835C00751E11 /* Login.json */,
				728EBEE1213383D500F13E10 /* Quotes.json */,
			);
			path = StubbedResponses;
			sourceTree = "<group>";
		};
		725CFF1C2132B204004C60C7 /* Utils */ = {
			isa = PBXGroup;
			children = (
				725CFF1D2132B216004C60C7 /* ScrollViewController.swift */,
			);
			path = Utils;
			sourceTree = "<group>";
		};
		725CFF202132B2E3004C60C7 /* Services */ = {
			isa = PBXGroup;
			children = (
				725CFF232132B333004C60C7 /* KeychainService.swift */,
				725CFF262132B522004C60C7 /* ViewService.swift */,
				725CFF282132B647004C60C7 /* SessionService.swift */,
				728EBED4213371A900F13E10 /* API */,
			);
			path = Services;
			sourceTree = "<group>";
		};
		725CFF2D2132CC0D004C60C7 /* Scenes */ = {
			isa = PBXGroup;
			children = (
				725CFF2E2132CC20004C60C7 /* Login */,
			);
			path = Scenes;
			sourceTree = "<group>";
		};
		725CFF2E2132CC20004C60C7 /* Login */ = {
			isa = PBXGroup;
			children = (
				725CFF3A2132CE51004C60C7 /* LoginCoordinator.swift */,
				725CFF2F2132CC3A004C60C7 /* LoginController.swift */,
				725CFF312132CC58004C60C7 /* LoginController.xib */,
			);
			path = Login;
			sourceTree = "<group>";
		};
		725CFF342132CCFF004C60C7 /* App */ = {
			isa = PBXGroup;
			children = (
				72C4A4D321325DDA005383F0 /* AppDelegate.swift */,
				725CFF372132CD4D004C60C7 /* AppCoordinator.swift */,
				725CFF352132CD1F004C60C7 /* BaseCoordinator.swift */,
			);
			path = App;
			sourceTree = "<group>";
		};
		725EAD4021327621000F4676 /* Models */ = {
			isa = PBXGroup;
			children = (
				725EAD4421327801000F4676 /* AccessToken.swift */,
				725CFEF221328180004C60C7 /* Premiums.swift */,
				725CFEF62132841F004C60C7 /* Client.swift */,
				725CFEFC21328FBB004C60C7 /* Quote.swift */,
				725CFF0021329CFD004C60C7 /* EndpointPaging.swift */,
				725CFF0421329EBB004C60C7 /* EndpointResponse.swift */,
				725CFF0A2132A1B0004C60C7 /* QuotesResult.swift */,
				725CFF0C2132A30B004C60C7 /* Authorization.swift */,
				725CFF122132A52A004C60C7 /* User.swift */,
				725CFF162132A799004C60C7 /* LoginResult.swift */,
				725CFF1A2132AA87004C60C7 /* QuoteEmail.swift */,
			);
			path = Models;
			sourceTree = "<group>";
		};
		725EAD4121327670000F4676 /* Models */ = {
			isa = PBXGroup;
			children = (
				725EAD422132767F000F4676 /* AccessTokenTests.swift */,
				7264D471213280A700A35795 /* PremiumsTests.swift */,
				725CFEF421328259004C60C7 /* ClientTests.swift */,
				725CFEFA21328E94004C60C7 /* QuoteTests.swift */,
				725CFEFE21329176004C60C7 /* EndpointPagingTests.swift */,
				725CFF0221329D92004C60C7 /* EndpointResponseTests.swift */,
				725CFF082132A0F6004C60C7 /* QuotesResultTests.swift */,
				725CFF0E2132A325004C60C7 /* AuthorizationTests.swift */,
				725CFF102132A406004C60C7 /* UserTests.swift */,
				725CFF142132A6DC004C60C7 /* LoginResultTests.swift */,
				725CFF182132A8DB004C60C7 /* QuoteEmailTests.swift */,
				725CFEF821328747004C60C7 /* Helpers.swift */,
			);
			path = Models;
			sourceTree = "<group>";
		};
		728EBED4213371A900F13E10 /* API */ = {
			isa = PBXGroup;
			children = (
				728EBEE321338C7500F13E10 /* Basic */,
				728EBEE421338C7C00F13E10 /* Authorized */,
			);
			path = API;
			sourceTree = "<group>";
		};
		728EBEE321338C7500F13E10 /* Basic */ = {
			isa = PBXGroup;
			children = (
				728EBED22133717000F13E10 /* APIServiceType.swift */,
				728EBEDB213378F900F13E10 /* APIService.swift */,
				728EBED5213371C300F13E10 /* EagleQuoteAPI.swift */,
			);
			path = Basic;
			sourceTree = "<group>";
		};
		728EBEE421338C7C00F13E10 /* Authorized */ = {
			isa = PBXGroup;
			children = (
				728EBED9213377BF00F13E10 /* AuthorizedAPIServiceType.swift */,
				728EBEDD21337C4B00F13E10 /* AuthorizedAPIService.swift */,
				728EBED72133721400F13E10 /* AuthorizedEagleQuoteAPI.swift */,
			);
			path = Authorized;
			sourceTree = "<group>";
		};
		728EBEE72133904800F13E10 /* Services */ = {
			isa = PBXGroup;
			children = (
				728EBEE82133905800F13E10 /* API */,
			);
			path = Services;
			sourceTree = "<group>";
		};
		728EBEE82133905800F13E10 /* API */ = {
			isa = PBXGroup;
			children = (
				728EBEDF21337F0D00F13E10 /* APIServiceTests.swift */,
				728EBEE521338D2700F13E10 /* AuthorizedAPIServiceTests.swift */,
			);
			path = API;
			sourceTree = "<group>";
		};
		72C4A4C721325DDA005383F0 = {
			isa = PBXGroup;
			children = (
				72C4A4D221325DDA005383F0 /* Eagle Quote Alvin */,
				72C4A4E721325DDA005383F0 /* Eagle Quote AlvinTests */,
				72C4A4F221325DDA005383F0 /* Eagle Quote AlvinUITests */,
				72C4A4D121325DDA005383F0 /* Products */,
				DF6AFC72974B37F37BC84F4C /* Pods */,
				690FA34D81752C471DBBF51C /* Frameworks */,
			);
			sourceTree = "<group>";
		};
		72C4A4D121325DDA005383F0 /* Products */ = {
			isa = PBXGroup;
			children = (
				72C4A4D021325DDA005383F0 /* Eagle Quote Alvin.app */,
				72C4A4E421325DDA005383F0 /* Eagle Quote AlvinTests.xctest */,
				72C4A4EF21325DDA005383F0 /* Eagle Quote AlvinUITests.xctest */,
			);
			name = Products;
			sourceTree = "<group>";
		};
		72C4A4D221325DDA005383F0 /* Eagle Quote Alvin */ = {
			isa = PBXGroup;
			children = (
				725CFF342132CCFF004C60C7 /* App */,
				725CFF2D2132CC0D004C60C7 /* Scenes */,
				725CFF202132B2E3004C60C7 /* Services */,
				725EAD4021327621000F4676 /* Models */,
				725CFF1C2132B204004C60C7 /* Utils */,
				7230CB90213264B1000176D5 /* Resources */,
			);
			path = "Eagle Quote Alvin";
			sourceTree = "<group>";
		};
		72C4A4E721325DDA005383F0 /* Eagle Quote AlvinTests */ = {
			isa = PBXGroup;
			children = (
				728EBEE72133904800F13E10 /* Services */,
				725EAD4121327670000F4676 /* Models */,
				72C4A4E821325DDA005383F0 /* Eagle_Quote_AlvinTests.swift */,
				72C4A4EA21325DDA005383F0 /* Info.plist */,
			);
			path = "Eagle Quote AlvinTests";
			sourceTree = "<group>";
		};
		72C4A4F221325DDA005383F0 /* Eagle Quote AlvinUITests */ = {
			isa = PBXGroup;
			children = (
				72C4A4F321325DDA005383F0 /* Eagle_Quote_AlvinUITests.swift */,
				72C4A4F521325DDA005383F0 /* Info.plist */,
			);
			path = "Eagle Quote AlvinUITests";
			sourceTree = "<group>";
		};
		DF6AFC72974B37F37BC84F4C /* Pods */ = {
			isa = PBXGroup;
			children = (
				40D53BE98614FD6C8F7AE64C /* Pods-Eagle Quote Alvin.debug.xcconfig */,
				91FD0E9B2EC2DAD5CAA67D73 /* Pods-Eagle Quote Alvin.release.xcconfig */,
				9EC100B8421F1D99B2C66A36 /* Pods-Eagle Quote AlvinTests.debug.xcconfig */,
				2791F190CB84810162332253 /* Pods-Eagle Quote AlvinTests.release.xcconfig */,
				D5D4409E1FE77D25BED2948E /* Pods-Eagle Quote AlvinUITests.debug.xcconfig */,
				32910A966178FA6F765D952D /* Pods-Eagle Quote AlvinUITests.release.xcconfig */,
			);
			name = Pods;
			sourceTree = "<group>";
		};
/* End PBXGroup section */

/* Begin PBXNativeTarget section */
		72C4A4CF21325DDA005383F0 /* Eagle Quote Alvin */ = {
			isa = PBXNativeTarget;
			buildConfigurationList = 72C4A4F821325DDA005383F0 /* Build configuration list for PBXNativeTarget "Eagle Quote Alvin" */;
			buildPhases = (
				EBD4AA21FC12C8FA897B9AC8 /* [CP] Check Pods Manifest.lock */,
				72C4A4CC21325DDA005383F0 /* Sources */,
				72C4A4CD21325DDA005383F0 /* Frameworks */,
				72C4A4CE21325DDA005383F0 /* Resources */,
				8A8D7C6055F3260EA64503CD /* [CP] Embed Pods Frameworks */,
			);
			buildRules = (
			);
			dependencies = (
			);
			name = "Eagle Quote Alvin";
			productName = "Eagle Quote Alvin";
			productReference = 72C4A4D021325DDA005383F0 /* Eagle Quote Alvin.app */;
			productType = "com.apple.product-type.application";
		};
		72C4A4E321325DDA005383F0 /* Eagle Quote AlvinTests */ = {
			isa = PBXNativeTarget;
			buildConfigurationList = 72C4A4FB21325DDA005383F0 /* Build configuration list for PBXNativeTarget "Eagle Quote AlvinTests" */;
			buildPhases = (
				91728B6043737A5FAE12432E /* [CP] Check Pods Manifest.lock */,
				72C4A4E021325DDA005383F0 /* Sources */,
				72C4A4E121325DDA005383F0 /* Frameworks */,
				72C4A4E221325DDA005383F0 /* Resources */,
				54DA4F75F039396028D6FD58 /* [CP] Embed Pods Frameworks */,
			);
			buildRules = (
			);
			dependencies = (
				72C4A4E621325DDA005383F0 /* PBXTargetDependency */,
			);
			name = "Eagle Quote AlvinTests";
			productName = "Eagle Quote AlvinTests";
			productReference = 72C4A4E421325DDA005383F0 /* Eagle Quote AlvinTests.xctest */;
			productType = "com.apple.product-type.bundle.unit-test";
		};
		72C4A4EE21325DDA005383F0 /* Eagle Quote AlvinUITests */ = {
			isa = PBXNativeTarget;
			buildConfigurationList = 72C4A4FE21325DDA005383F0 /* Build configuration list for PBXNativeTarget "Eagle Quote AlvinUITests" */;
			buildPhases = (
				A12C48E439D03AFFA3870B00 /* [CP] Check Pods Manifest.lock */,
				72C4A4EB21325DDA005383F0 /* Sources */,
				72C4A4EC21325DDA005383F0 /* Frameworks */,
				72C4A4ED21325DDA005383F0 /* Resources */,
			);
			buildRules = (
			);
			dependencies = (
				72C4A4F121325DDA005383F0 /* PBXTargetDependency */,
			);
			name = "Eagle Quote AlvinUITests";
			productName = "Eagle Quote AlvinUITests";
			productReference = 72C4A4EF21325DDA005383F0 /* Eagle Quote AlvinUITests.xctest */;
			productType = "com.apple.product-type.bundle.ui-testing";
		};
/* End PBXNativeTarget section */

/* Begin PBXProject section */
		72C4A4C821325DDA005383F0 /* Project object */ = {
			isa = PBXProject;
			attributes = {
				LastSwiftUpdateCheck = 0920;
				LastUpgradeCheck = 0920;
				ORGANIZATIONNAME = BlackFin;
				TargetAttributes = {
					72C4A4CF21325DDA005383F0 = {
						CreatedOnToolsVersion = 9.2;
						ProvisioningStyle = Automatic;
					};
					72C4A4E321325DDA005383F0 = {
						CreatedOnToolsVersion = 9.2;
						ProvisioningStyle = Automatic;
						TestTargetID = 72C4A4CF21325DDA005383F0;
					};
					72C4A4EE21325DDA005383F0 = {
						CreatedOnToolsVersion = 9.2;
						ProvisioningStyle = Automatic;
						TestTargetID = 72C4A4CF21325DDA005383F0;
					};
				};
			};
			buildConfigurationList = 72C4A4CB21325DDA005383F0 /* Build configuration list for PBXProject "Eagle Quote Alvin" */;
			compatibilityVersion = "Xcode 8.0";
			developmentRegion = en;
			hasScannedForEncodings = 0;
			knownRegions = (
				en,
				Base,
			);
			mainGroup = 72C4A4C721325DDA005383F0;
			productRefGroup = 72C4A4D121325DDA005383F0 /* Products */;
			projectDirPath = "";
			projectRoot = "";
			targets = (
				72C4A4CF21325DDA005383F0 /* Eagle Quote Alvin */,
				72C4A4E321325DDA005383F0 /* Eagle Quote AlvinTests */,
				72C4A4EE21325DDA005383F0 /* Eagle Quote AlvinUITests */,
			);
		};
/* End PBXProject section */

/* Begin PBXResourcesBuildPhase section */
		72C4A4CE21325DDA005383F0 /* Resources */ = {
			isa = PBXResourcesBuildPhase;
			buildActionMask = 2147483647;
			files = (
				7230CBB62132659E000176D5 /* OpenSans-Bold.ttf in Resources */,
				7230CBB72132659E000176D5 /* OpenSans-BoldItalic.ttf in Resources */,
				7230CBB82132659E000176D5 /* OpenSans-ExtraBold.ttf in Resources */,
				7230CBB92132659E000176D5 /* OpenSans-ExtraBoldItalic.ttf in Resources */,
				7230CBBA2132659E000176D5 /* OpenSans-Italic.ttf in Resources */,
				7230CBBB2132659E000176D5 /* OpenSans-Light.ttf in Resources */,
				7230CBBC2132659E000176D5 /* OpenSans-LightItalic.ttf in Resources */,
				7230CBBD2132659E000176D5 /* OpenSans-Regular.ttf in Resources */,
				7230CBBE2132659E000176D5 /* OpenSans-Semibold.ttf in Resources */,
				7230CBBF2132659E000176D5 /* OpenSans-SemiboldItalic.ttf in Resources */,
				7230CBC02132659E000176D5 /* SFDisplay-Black.otf in Resources */,
				7230CBC12132659E000176D5 /* SFDisplay-Bold.otf in Resources */,
				7230CBC22132659E000176D5 /* SFDisplay-Heavy.otf in Resources */,
				7230CBC32132659E000176D5 /* SFDisplay-Light.otf in Resources */,
				7230CBC42132659E000176D5 /* SFDisplay-Medium.otf in Resources */,
				7230CBC52132659E000176D5 /* SFDisplay-Regular.otf in Resources */,
				7230CBC62132659E000176D5 /* SFDisplay-Semibold.otf in Resources */,
				7230CBC72132659E000176D5 /* SFDisplay-Thin.otf in Resources */,
				7230CBC82132659E000176D5 /* SFDisplay-Ultralight.otf in Resources */,
				7230CBC92132659E000176D5 /* SFMono-Bold.otf in Resources */,
				7230CBCA2132659E000176D5 /* SFMono-Heavy.otf in Resources */,
				7230CBCB2132659E000176D5 /* SFMono-Light.otf in Resources */,
				7230CBCC2132659E000176D5 /* SFMono-Medium.otf in Resources */,
				7230CBCD2132659E000176D5 /* SFMono-Regular.otf in Resources */,
				7230CBCE2132659E000176D5 /* SFText-Bold.otf in Resources */,
				7230CBCF2132659E000176D5 /* SFText-BoldItalic.otf in Resources */,
				7230CBD02132659E000176D5 /* SFText-Heavy.otf in Resources */,
				7230CBD12132659E000176D5 /* SFText-HeavyItalic.otf in Resources */,
				7230CBD22132659E000176D5 /* SFText-Light.otf in Resources */,
				7230CBD32132659E000176D5 /* SFText-LightItalic.otf in Resources */,
				7230CBD42132659E000176D5 /* SFText-Medium.otf in Resources */,
				72487D612133835C00751E11 /* Login.json in Resources */,
				7230CBD52132659E000176D5 /* SFText-MediumItalic.otf in Resources */,
				7230CBD62132659E000176D5 /* SFText-Regular.otf in Resources */,
				725CFF322132CC58004C60C7 /* LoginController.xib in Resources */,
				7230CBD72132659E000176D5 /* SFText-RegularItalic.otf in Resources */,
				7230CBD82132659E000176D5 /* SFText-Semibold.otf in Resources */,
				7230CBD92132659E000176D5 /* SFText-SemiboldItalic.otf in Resources */,
				72C4A4DE21325DDA005383F0 /* LaunchScreen.storyboard in Resources */,
				72C4A4DB21325DDA005383F0 /* Assets.xcassets in Resources */,
				728EBEE2213383D500F13E10 /* Quotes.json in Resources */,
			);
			runOnlyForDeploymentPostprocessing = 0;
		};
		72C4A4E221325DDA005383F0 /* Resources */ = {
			isa = PBXResourcesBuildPhase;
			buildActionMask = 2147483647;
			files = (
			);
			runOnlyForDeploymentPostprocessing = 0;
		};
		72C4A4ED21325DDA005383F0 /* Resources */ = {
			isa = PBXResourcesBuildPhase;
			buildActionMask = 2147483647;
			files = (
			);
			runOnlyForDeploymentPostprocessing = 0;
		};
/* End PBXResourcesBuildPhase section */

/* Begin PBXShellScriptBuildPhase section */
		54DA4F75F039396028D6FD58 /* [CP] Embed Pods Frameworks */ = {
			isa = PBXShellScriptBuildPhase;
			buildActionMask = 2147483647;
			files = (
			);
			inputPaths = (
				"${SRCROOT}/Pods/Target Support Files/Pods-Eagle Quote AlvinTests/Pods-Eagle Quote AlvinTests-frameworks.sh",
				"${BUILT_PRODUCTS_DIR}/RxSwift/RxSwift.framework",
				"${BUILT_PRODUCTS_DIR}/Nimble/Nimble.framework",
				"${BUILT_PRODUCTS_DIR}/Quick/Quick.framework",
				"${BUILT_PRODUCTS_DIR}/RxBlocking/RxBlocking.framework",
			);
			name = "[CP] Embed Pods Frameworks";
			outputPaths = (
				"${TARGET_BUILD_DIR}/${FRAMEWORKS_FOLDER_PATH}/RxSwift.framework",
				"${TARGET_BUILD_DIR}/${FRAMEWORKS_FOLDER_PATH}/Nimble.framework",
				"${TARGET_BUILD_DIR}/${FRAMEWORKS_FOLDER_PATH}/Quick.framework",
				"${TARGET_BUILD_DIR}/${FRAMEWORKS_FOLDER_PATH}/RxBlocking.framework",
			);
			runOnlyForDeploymentPostprocessing = 0;
			shellPath = /bin/sh;
			shellScript = "\"${SRCROOT}/Pods/Target Support Files/Pods-Eagle Quote AlvinTests/Pods-Eagle Quote AlvinTests-frameworks.sh\"\n";
			showEnvVarsInLog = 0;
		};
		8A8D7C6055F3260EA64503CD /* [CP] Embed Pods Frameworks */ = {
			isa = PBXShellScriptBuildPhase;
			buildActionMask = 2147483647;
			files = (
			);
			inputPaths = (
				"${SRCROOT}/Pods/Target Support Files/Pods-Eagle Quote Alvin/Pods-Eagle Quote Alvin-frameworks.sh",
				"${BUILT_PRODUCTS_DIR}/Alamofire/Alamofire.framework",
				"${BUILT_PRODUCTS_DIR}/KeychainAccess/KeychainAccess.framework",
				"${BUILT_PRODUCTS_DIR}/MDFInternationalization/MDFInternationalization.framework",
				"${BUILT_PRODUCTS_DIR}/MDFTextAccessibility/MDFTextAccessibility.framework",
				"${BUILT_PRODUCTS_DIR}/MaterialComponents/MaterialComponents.framework",
				"${BUILT_PRODUCTS_DIR}/Moya/Moya.framework",
				"${BUILT_PRODUCTS_DIR}/PluggableApplicationDelegate/PluggableApplicationDelegate.framework",
				"${BUILT_PRODUCTS_DIR}/Result/Result.framework",
				"${BUILT_PRODUCTS_DIR}/RxCocoa/RxCocoa.framework",
				"${BUILT_PRODUCTS_DIR}/RxOptional/RxOptional.framework",
				"${BUILT_PRODUCTS_DIR}/RxSwift/RxSwift.framework",
				"${BUILT_PRODUCTS_DIR}/SnapKit/SnapKit.framework",
				"${BUILT_PRODUCTS_DIR}/Timepiece/Timepiece.framework",
			);
			name = "[CP] Embed Pods Frameworks";
			outputPaths = (
				"${TARGET_BUILD_DIR}/${FRAMEWORKS_FOLDER_PATH}/Alamofire.framework",
				"${TARGET_BUILD_DIR}/${FRAMEWORKS_FOLDER_PATH}/KeychainAccess.framework",
				"${TARGET_BUILD_DIR}/${FRAMEWORKS_FOLDER_PATH}/MDFInternationalization.framework",
				"${TARGET_BUILD_DIR}/${FRAMEWORKS_FOLDER_PATH}/MDFTextAccessibility.framework",
				"${TARGET_BUILD_DIR}/${FRAMEWORKS_FOLDER_PATH}/MaterialComponents.framework",
				"${TARGET_BUILD_DIR}/${FRAMEWORKS_FOLDER_PATH}/Moya.framework",
				"${TARGET_BUILD_DIR}/${FRAMEWORKS_FOLDER_PATH}/PluggableApplicationDelegate.framework",
				"${TARGET_BUILD_DIR}/${FRAMEWORKS_FOLDER_PATH}/Result.framework",
				"${TARGET_BUILD_DIR}/${FRAMEWORKS_FOLDER_PATH}/RxCocoa.framework",
				"${TARGET_BUILD_DIR}/${FRAMEWORKS_FOLDER_PATH}/RxOptional.framework",
				"${TARGET_BUILD_DIR}/${FRAMEWORKS_FOLDER_PATH}/RxSwift.framework",
				"${TARGET_BUILD_DIR}/${FRAMEWORKS_FOLDER_PATH}/SnapKit.framework",
				"${TARGET_BUILD_DIR}/${FRAMEWORKS_FOLDER_PATH}/Timepiece.framework",
			);
			runOnlyForDeploymentPostprocessing = 0;
			shellPath = /bin/sh;
			shellScript = "\"${SRCROOT}/Pods/Target Support Files/Pods-Eagle Quote Alvin/Pods-Eagle Quote Alvin-frameworks.sh\"\n";
			showEnvVarsInLog = 0;
		};
		91728B6043737A5FAE12432E /* [CP] Check Pods Manifest.lock */ = {
			isa = PBXShellScriptBuildPhase;
			buildActionMask = 2147483647;
			files = (
			);
			inputPaths = (
				"${PODS_PODFILE_DIR_PATH}/Podfile.lock",
				"${PODS_ROOT}/Manifest.lock",
			);
			name = "[CP] Check Pods Manifest.lock";
			outputPaths = (
				"$(DERIVED_FILE_DIR)/Pods-Eagle Quote AlvinTests-checkManifestLockResult.txt",
			);
			runOnlyForDeploymentPostprocessing = 0;
			shellPath = /bin/sh;
			shellScript = "diff \"${PODS_PODFILE_DIR_PATH}/Podfile.lock\" \"${PODS_ROOT}/Manifest.lock\" > /dev/null\nif [ $? != 0 ] ; then\n    # print error to STDERR\n    echo \"error: The sandbox is not in sync with the Podfile.lock. Run 'pod install' or update your CocoaPods installation.\" >&2\n    exit 1\nfi\n# This output is used by Xcode 'outputs' to avoid re-running this script phase.\necho \"SUCCESS\" > \"${SCRIPT_OUTPUT_FILE_0}\"\n";
			showEnvVarsInLog = 0;
		};
		A12C48E439D03AFFA3870B00 /* [CP] Check Pods Manifest.lock */ = {
			isa = PBXShellScriptBuildPhase;
			buildActionMask = 2147483647;
			files = (
			);
			inputPaths = (
				"${PODS_PODFILE_DIR_PATH}/Podfile.lock",
				"${PODS_ROOT}/Manifest.lock",
			);
			name = "[CP] Check Pods Manifest.lock";
			outputPaths = (
				"$(DERIVED_FILE_DIR)/Pods-Eagle Quote AlvinUITests-checkManifestLockResult.txt",
			);
			runOnlyForDeploymentPostprocessing = 0;
			shellPath = /bin/sh;
			shellScript = "diff \"${PODS_PODFILE_DIR_PATH}/Podfile.lock\" \"${PODS_ROOT}/Manifest.lock\" > /dev/null\nif [ $? != 0 ] ; then\n    # print error to STDERR\n    echo \"error: The sandbox is not in sync with the Podfile.lock. Run 'pod install' or update your CocoaPods installation.\" >&2\n    exit 1\nfi\n# This output is used by Xcode 'outputs' to avoid re-running this script phase.\necho \"SUCCESS\" > \"${SCRIPT_OUTPUT_FILE_0}\"\n";
			showEnvVarsInLog = 0;
		};
		EBD4AA21FC12C8FA897B9AC8 /* [CP] Check Pods Manifest.lock */ = {
			isa = PBXShellScriptBuildPhase;
			buildActionMask = 2147483647;
			files = (
			);
			inputPaths = (
				"${PODS_PODFILE_DIR_PATH}/Podfile.lock",
				"${PODS_ROOT}/Manifest.lock",
			);
			name = "[CP] Check Pods Manifest.lock";
			outputPaths = (
				"$(DERIVED_FILE_DIR)/Pods-Eagle Quote Alvin-checkManifestLockResult.txt",
			);
			runOnlyForDeploymentPostprocessing = 0;
			shellPath = /bin/sh;
			shellScript = "diff \"${PODS_PODFILE_DIR_PATH}/Podfile.lock\" \"${PODS_ROOT}/Manifest.lock\" > /dev/null\nif [ $? != 0 ] ; then\n    # print error to STDERR\n    echo \"error: The sandbox is not in sync with the Podfile.lock. Run 'pod install' or update your CocoaPods installation.\" >&2\n    exit 1\nfi\n# This output is used by Xcode 'outputs' to avoid re-running this script phase.\necho \"SUCCESS\" > \"${SCRIPT_OUTPUT_FILE_0}\"\n";
			showEnvVarsInLog = 0;
		};
/* End PBXShellScriptBuildPhase section */

/* Begin PBXSourcesBuildPhase section */
		72C4A4CC21325DDA005383F0 /* Sources */ = {
			isa = PBXSourcesBuildPhase;
			buildActionMask = 2147483647;
			files = (
				725CFF172132A799004C60C7 /* LoginResult.swift in Sources */,
				725CFF0521329EBB004C60C7 /* EndpointResponse.swift in Sources */,
				728EBEDE21337C4B00F13E10 /* AuthorizedAPIService.swift in Sources */,
				725CFF1E2132B216004C60C7 /* ScrollViewController.swift in Sources */,
				728EBED32133717000F13E10 /* APIServiceType.swift in Sources */,
				728EBEDA213377BF00F13E10 /* AuthorizedAPIServiceType.swift in Sources */,
				728EBED82133721400F13E10 /* AuthorizedEagleQuoteAPI.swift in Sources */,
				72C4A4D421325DDA005383F0 /* AppDelegate.swift in Sources */,
				725EAD4521327801000F4676 /* AccessToken.swift in Sources */,
				725CFF1B2132AA87004C60C7 /* QuoteEmail.swift in Sources */,
				725CFEF72132841F004C60C7 /* Client.swift in Sources */,
				725CFF272132B522004C60C7 /* ViewService.swift in Sources */,
				725CFF3B2132CE51004C60C7 /* LoginCoordinator.swift in Sources */,
				725CFF242132B333004C60C7 /* KeychainService.swift in Sources */,
				725CFF0121329CFD004C60C7 /* EndpointPaging.swift in Sources */,
				725CFF292132B647004C60C7 /* SessionService.swift in Sources */,
				725CFF382132CD4D004C60C7 /* AppCoordinator.swift in Sources */,
				725CFEFD21328FBB004C60C7 /* Quote.swift in Sources */,
				725CFF302132CC3A004C60C7 /* LoginController.swift in Sources */,
				728EBED6213371C300F13E10 /* EagleQuoteAPI.swift in Sources */,
				725CFEF321328180004C60C7 /* Premiums.swift in Sources */,
				725CFF362132CD1F004C60C7 /* BaseCoordinator.swift in Sources */,
				728EBEDC213378F900F13E10 /* APIService.swift in Sources */,
				725CFF0B2132A1B0004C60C7 /* QuotesResult.swift in Sources */,
				725CFF0D2132A30B004C60C7 /* Authorization.swift in Sources */,
				725CFF132132A52A004C60C7 /* User.swift in Sources */,
			);
			runOnlyForDeploymentPostprocessing = 0;
		};
		72C4A4E021325DDA005383F0 /* Sources */ = {
			isa = PBXSourcesBuildPhase;
			buildActionMask = 2147483647;
			files = (
				725CFF152132A6DC004C60C7 /* LoginResultTests.swift in Sources */,
				725CFEFB21328E94004C60C7 /* QuoteTests.swift in Sources */,
				725CFF0321329D92004C60C7 /* EndpointResponseTests.swift in Sources */,
				7264D472213280A700A35795 /* PremiumsTests.swift in Sources */,
				72C4A4E921325DDA005383F0 /* Eagle_Quote_AlvinTests.swift in Sources */,
				725CFEF521328259004C60C7 /* ClientTests.swift in Sources */,
				725CFF0F2132A325004C60C7 /* AuthorizationTests.swift in Sources */,
				725CFF092132A0F6004C60C7 /* QuotesResultTests.swift in Sources */,
				725CFEFF21329176004C60C7 /* EndpointPagingTests.swift in Sources */,
				725CFEF921328747004C60C7 /* Helpers.swift in Sources */,
				728EBEE021337F0D00F13E10 /* APIServiceTests.swift in Sources */,
				725CFF192132A8DB004C60C7 /* QuoteEmailTests.swift in Sources */,
				728EBEE621338D2700F13E10 /* AuthorizedAPIServiceTests.swift in Sources */,
				725EAD432132767F000F4676 /* AccessTokenTests.swift in Sources */,
				725CFF112132A406004C60C7 /* UserTests.swift in Sources */,
			);
			runOnlyForDeploymentPostprocessing = 0;
		};
		72C4A4EB21325DDA005383F0 /* Sources */ = {
			isa = PBXSourcesBuildPhase;
			buildActionMask = 2147483647;
			files = (
				72C4A4F421325DDA005383F0 /* Eagle_Quote_AlvinUITests.swift in Sources */,
			);
			runOnlyForDeploymentPostprocessing = 0;
		};
/* End PBXSourcesBuildPhase section */

/* Begin PBXTargetDependency section */
		72C4A4E621325DDA005383F0 /* PBXTargetDependency */ = {
			isa = PBXTargetDependency;
			target = 72C4A4CF21325DDA005383F0 /* Eagle Quote Alvin */;
			targetProxy = 72C4A4E521325DDA005383F0 /* PBXContainerItemProxy */;
		};
		72C4A4F121325DDA005383F0 /* PBXTargetDependency */ = {
			isa = PBXTargetDependency;
			target = 72C4A4CF21325DDA005383F0 /* Eagle Quote Alvin */;
			targetProxy = 72C4A4F021325DDA005383F0 /* PBXContainerItemProxy */;
		};
/* End PBXTargetDependency section */

/* Begin PBXVariantGroup section */
		72C4A4DC21325DDA005383F0 /* LaunchScreen.storyboard */ = {
			isa = PBXVariantGroup;
			children = (
				72C4A4DD21325DDA005383F0 /* Base */,
			);
			name = LaunchScreen.storyboard;
			sourceTree = "<group>";
		};
/* End PBXVariantGroup section */

/* Begin XCBuildConfiguration section */
		72C4A4F621325DDA005383F0 /* Debug */ = {
			isa = XCBuildConfiguration;
			buildSettings = {
				ALWAYS_SEARCH_USER_PATHS = NO;
				CLANG_ANALYZER_NONNULL = YES;
				CLANG_ANALYZER_NUMBER_OBJECT_CONVERSION = YES_AGGRESSIVE;
				CLANG_CXX_LANGUAGE_STANDARD = "gnu++14";
				CLANG_CXX_LIBRARY = "libc++";
				CLANG_ENABLE_MODULES = YES;
				CLANG_ENABLE_OBJC_ARC = YES;
				CLANG_WARN_BLOCK_CAPTURE_AUTORELEASING = YES;
				CLANG_WARN_BOOL_CONVERSION = YES;
				CLANG_WARN_COMMA = YES;
				CLANG_WARN_CONSTANT_CONVERSION = YES;
				CLANG_WARN_DIRECT_OBJC_ISA_USAGE = YES_ERROR;
				CLANG_WARN_DOCUMENTATION_COMMENTS = YES;
				CLANG_WARN_EMPTY_BODY = YES;
				CLANG_WARN_ENUM_CONVERSION = YES;
				CLANG_WARN_INFINITE_RECURSION = YES;
				CLANG_WARN_INT_CONVERSION = YES;
				CLANG_WARN_NON_LITERAL_NULL_CONVERSION = YES;
				CLANG_WARN_OBJC_LITERAL_CONVERSION = YES;
				CLANG_WARN_OBJC_ROOT_CLASS = YES_ERROR;
				CLANG_WARN_RANGE_LOOP_ANALYSIS = YES;
				CLANG_WARN_STRICT_PROTOTYPES = YES;
				CLANG_WARN_SUSPICIOUS_MOVE = YES;
				CLANG_WARN_UNGUARDED_AVAILABILITY = YES_AGGRESSIVE;
				CLANG_WARN_UNREACHABLE_CODE = YES;
				CLANG_WARN__DUPLICATE_METHOD_MATCH = YES;
				CODE_SIGN_IDENTITY = "iPhone Developer";
				COPY_PHASE_STRIP = NO;
				DEBUG_INFORMATION_FORMAT = dwarf;
				ENABLE_STRICT_OBJC_MSGSEND = YES;
				ENABLE_TESTABILITY = YES;
				GCC_C_LANGUAGE_STANDARD = gnu11;
				GCC_DYNAMIC_NO_PIC = NO;
				GCC_NO_COMMON_BLOCKS = YES;
				GCC_OPTIMIZATION_LEVEL = 0;
				GCC_PREPROCESSOR_DEFINITIONS = (
					"DEBUG=1",
					"$(inherited)",
				);
				GCC_WARN_64_TO_32_BIT_CONVERSION = YES;
				GCC_WARN_ABOUT_RETURN_TYPE = YES_ERROR;
				GCC_WARN_UNDECLARED_SELECTOR = YES;
				GCC_WARN_UNINITIALIZED_AUTOS = YES_AGGRESSIVE;
				GCC_WARN_UNUSED_FUNCTION = YES;
				GCC_WARN_UNUSED_VARIABLE = YES;
				IPHONEOS_DEPLOYMENT_TARGET = 11.2;
				MTL_ENABLE_DEBUG_INFO = YES;
				ONLY_ACTIVE_ARCH = YES;
				SDKROOT = iphoneos;
				SWIFT_ACTIVE_COMPILATION_CONDITIONS = DEBUG;
				SWIFT_OPTIMIZATION_LEVEL = "-Onone";
			};
			name = Debug;
		};
		72C4A4F721325DDA005383F0 /* Release */ = {
			isa = XCBuildConfiguration;
			buildSettings = {
				ALWAYS_SEARCH_USER_PATHS = NO;
				CLANG_ANALYZER_NONNULL = YES;
				CLANG_ANALYZER_NUMBER_OBJECT_CONVERSION = YES_AGGRESSIVE;
				CLANG_CXX_LANGUAGE_STANDARD = "gnu++14";
				CLANG_CXX_LIBRARY = "libc++";
				CLANG_ENABLE_MODULES = YES;
				CLANG_ENABLE_OBJC_ARC = YES;
				CLANG_WARN_BLOCK_CAPTURE_AUTORELEASING = YES;
				CLANG_WARN_BOOL_CONVERSION = YES;
				CLANG_WARN_COMMA = YES;
				CLANG_WARN_CONSTANT_CONVERSION = YES;
				CLANG_WARN_DIRECT_OBJC_ISA_USAGE = YES_ERROR;
				CLANG_WARN_DOCUMENTATION_COMMENTS = YES;
				CLANG_WARN_EMPTY_BODY = YES;
				CLANG_WARN_ENUM_CONVERSION = YES;
				CLANG_WARN_INFINITE_RECURSION = YES;
				CLANG_WARN_INT_CONVERSION = YES;
				CLANG_WARN_NON_LITERAL_NULL_CONVERSION = YES;
				CLANG_WARN_OBJC_LITERAL_CONVERSION = YES;
				CLANG_WARN_OBJC_ROOT_CLASS = YES_ERROR;
				CLANG_WARN_RANGE_LOOP_ANALYSIS = YES;
				CLANG_WARN_STRICT_PROTOTYPES = YES;
				CLANG_WARN_SUSPICIOUS_MOVE = YES;
				CLANG_WARN_UNGUARDED_AVAILABILITY = YES_AGGRESSIVE;
				CLANG_WARN_UNREACHABLE_CODE = YES;
				CLANG_WARN__DUPLICATE_METHOD_MATCH = YES;
				CODE_SIGN_IDENTITY = "iPhone Developer";
				COPY_PHASE_STRIP = NO;
				DEBUG_INFORMATION_FORMAT = "dwarf-with-dsym";
				ENABLE_NS_ASSERTIONS = NO;
				ENABLE_STRICT_OBJC_MSGSEND = YES;
				GCC_C_LANGUAGE_STANDARD = gnu11;
				GCC_NO_COMMON_BLOCKS = YES;
				GCC_WARN_64_TO_32_BIT_CONVERSION = YES;
				GCC_WARN_ABOUT_RETURN_TYPE = YES_ERROR;
				GCC_WARN_UNDECLARED_SELECTOR = YES;
				GCC_WARN_UNINITIALIZED_AUTOS = YES_AGGRESSIVE;
				GCC_WARN_UNUSED_FUNCTION = YES;
				GCC_WARN_UNUSED_VARIABLE = YES;
				IPHONEOS_DEPLOYMENT_TARGET = 11.2;
				MTL_ENABLE_DEBUG_INFO = NO;
				SDKROOT = iphoneos;
				SWIFT_OPTIMIZATION_LEVEL = "-Owholemodule";
				VALIDATE_PRODUCT = YES;
			};
			name = Release;
		};
		72C4A4F921325DDA005383F0 /* Debug */ = {
			isa = XCBuildConfiguration;
			baseConfigurationReference = 40D53BE98614FD6C8F7AE64C /* Pods-Eagle Quote Alvin.debug.xcconfig */;
			buildSettings = {
				ASSETCATALOG_COMPILER_APPICON_NAME = AppIcon;
				"CODE_SIGN_IDENTITY[sdk=iphoneos*]" = "iPhone Developer";
				CODE_SIGN_STYLE = Automatic;
				DEVELOPMENT_TEAM = DJYRMWGS2W;
				INFOPLIST_FILE = "$(SRCROOT)/Eagle Quote Alvin/Resources/Info.plist";
				LD_RUNPATH_SEARCH_PATHS = "$(inherited) @executable_path/Frameworks";
				PRODUCT_BUNDLE_IDENTIFIER = com.blackfin.EagleQuoteAlvin;
				PRODUCT_NAME = "$(TARGET_NAME)";
				PROVISIONING_PROFILE_SPECIFIER = "";
				SWIFT_VERSION = 4.0;
				TARGETED_DEVICE_FAMILY = "1,2";
			};
			name = Debug;
		};
		72C4A4FA21325DDA005383F0 /* Release */ = {
			isa = XCBuildConfiguration;
			baseConfigurationReference = 91FD0E9B2EC2DAD5CAA67D73 /* Pods-Eagle Quote Alvin.release.xcconfig */;
			buildSettings = {
				ASSETCATALOG_COMPILER_APPICON_NAME = AppIcon;
				"CODE_SIGN_IDENTITY[sdk=iphoneos*]" = "iPhone Developer";
				CODE_SIGN_STYLE = Automatic;
				DEVELOPMENT_TEAM = DJYRMWGS2W;
				INFOPLIST_FILE = "$(SRCROOT)/Eagle Quote Alvin/Resources/Info.plist";
				LD_RUNPATH_SEARCH_PATHS = "$(inherited) @executable_path/Frameworks";
				PRODUCT_BUNDLE_IDENTIFIER = com.blackfin.EagleQuoteAlvin;
				PRODUCT_NAME = "$(TARGET_NAME)";
				PROVISIONING_PROFILE_SPECIFIER = "";
				SWIFT_VERSION = 4.0;
				TARGETED_DEVICE_FAMILY = "1,2";
			};
			name = Release;
		};
		72C4A4FC21325DDA005383F0 /* Debug */ = {
			isa = XCBuildConfiguration;
			baseConfigurationReference = 9EC100B8421F1D99B2C66A36 /* Pods-Eagle Quote AlvinTests.debug.xcconfig */;
			buildSettings = {
				ALWAYS_EMBED_SWIFT_STANDARD_LIBRARIES = "$(inherited)";
				BUNDLE_LOADER = "$(TEST_HOST)";
				CODE_SIGN_STYLE = Automatic;
				DEVELOPMENT_TEAM = DJYRMWGS2W;
				INFOPLIST_FILE = "Eagle Quote AlvinTests/Info.plist";
				LD_RUNPATH_SEARCH_PATHS = "$(inherited) @executable_path/Frameworks @loader_path/Frameworks";
				PRODUCT_BUNDLE_IDENTIFIER = "com.blackfin.Eagle-Quote-AlvinTests";
				PRODUCT_NAME = "$(TARGET_NAME)";
				SWIFT_VERSION = 4.0;
				TARGETED_DEVICE_FAMILY = "1,2";
				TEST_HOST = "$(BUILT_PRODUCTS_DIR)/Eagle Quote Alvin.app/Eagle Quote Alvin";
			};
			name = Debug;
		};
		72C4A4FD21325DDA005383F0 /* Release */ = {
			isa = XCBuildConfiguration;
			baseConfigurationReference = 2791F190CB84810162332253 /* Pods-Eagle Quote AlvinTests.release.xcconfig */;
			buildSettings = {
				ALWAYS_EMBED_SWIFT_STANDARD_LIBRARIES = "$(inherited)";
				BUNDLE_LOADER = "$(TEST_HOST)";
				CODE_SIGN_STYLE = Automatic;
				DEVELOPMENT_TEAM = DJYRMWGS2W;
				INFOPLIST_FILE = "Eagle Quote AlvinTests/Info.plist";
				LD_RUNPATH_SEARCH_PATHS = "$(inherited) @executable_path/Frameworks @loader_path/Frameworks";
				PRODUCT_BUNDLE_IDENTIFIER = "com.blackfin.Eagle-Quote-AlvinTests";
				PRODUCT_NAME = "$(TARGET_NAME)";
				SWIFT_VERSION = 4.0;
				TARGETED_DEVICE_FAMILY = "1,2";
				TEST_HOST = "$(BUILT_PRODUCTS_DIR)/Eagle Quote Alvin.app/Eagle Quote Alvin";
			};
			name = Release;
		};
		72C4A4FF21325DDA005383F0 /* Debug */ = {
			isa = XCBuildConfiguration;
			baseConfigurationReference = D5D4409E1FE77D25BED2948E /* Pods-Eagle Quote AlvinUITests.debug.xcconfig */;
			buildSettings = {
				ALWAYS_EMBED_SWIFT_STANDARD_LIBRARIES = "$(inherited)";
				CODE_SIGN_STYLE = Automatic;
				DEVELOPMENT_TEAM = DJYRMWGS2W;
				INFOPLIST_FILE = "Eagle Quote AlvinUITests/Info.plist";
				LD_RUNPATH_SEARCH_PATHS = "$(inherited) @executable_path/Frameworks @loader_path/Frameworks";
				PRODUCT_BUNDLE_IDENTIFIER = "com.blackfin.Eagle-Quote-AlvinUITests";
				PRODUCT_NAME = "$(TARGET_NAME)";
				SWIFT_VERSION = 4.0;
				TARGETED_DEVICE_FAMILY = "1,2";
				TEST_TARGET_NAME = "Eagle Quote Alvin";
			};
			name = Debug;
		};
		72C4A50021325DDA005383F0 /* Release */ = {
			isa = XCBuildConfiguration;
			baseConfigurationReference = 32910A966178FA6F765D952D /* Pods-Eagle Quote AlvinUITests.release.xcconfig */;
			buildSettings = {
				ALWAYS_EMBED_SWIFT_STANDARD_LIBRARIES = "$(inherited)";
				CODE_SIGN_STYLE = Automatic;
				DEVELOPMENT_TEAM = DJYRMWGS2W;
				INFOPLIST_FILE = "Eagle Quote AlvinUITests/Info.plist";
				LD_RUNPATH_SEARCH_PATHS = "$(inherited) @executable_path/Frameworks @loader_path/Frameworks";
				PRODUCT_BUNDLE_IDENTIFIER = "com.blackfin.Eagle-Quote-AlvinUITests";
				PRODUCT_NAME = "$(TARGET_NAME)";
				SWIFT_VERSION = 4.0;
				TARGETED_DEVICE_FAMILY = "1,2";
				TEST_TARGET_NAME = "Eagle Quote Alvin";
			};
			name = Release;
		};
/* End XCBuildConfiguration section */

/* Begin XCConfigurationList section */
		72C4A4CB21325DDA005383F0 /* Build configuration list for PBXProject "Eagle Quote Alvin" */ = {
			isa = XCConfigurationList;
			buildConfigurations = (
				72C4A4F621325DDA005383F0 /* Debug */,
				72C4A4F721325DDA005383F0 /* Release */,
			);
			defaultConfigurationIsVisible = 0;
			defaultConfigurationName = Release;
		};
		72C4A4F821325DDA005383F0 /* Build configuration list for PBXNativeTarget "Eagle Quote Alvin" */ = {
			isa = XCConfigurationList;
			buildConfigurations = (
				72C4A4F921325DDA005383F0 /* Debug */,
				72C4A4FA21325DDA005383F0 /* Release */,
			);
			defaultConfigurationIsVisible = 0;
			defaultConfigurationName = Release;
		};
		72C4A4FB21325DDA005383F0 /* Build configuration list for PBXNativeTarget "Eagle Quote AlvinTests" */ = {
			isa = XCConfigurationList;
			buildConfigurations = (
				72C4A4FC21325DDA005383F0 /* Debug */,
				72C4A4FD21325DDA005383F0 /* Release */,
			);
			defaultConfigurationIsVisible = 0;
			defaultConfigurationName = Release;
		};
		72C4A4FE21325DDA005383F0 /* Build configuration list for PBXNativeTarget "Eagle Quote AlvinUITests" */ = {
			isa = XCConfigurationList;
			buildConfigurations = (
				72C4A4FF21325DDA005383F0 /* Debug */,
				72C4A50021325DDA005383F0 /* Release */,
			);
			defaultConfigurationIsVisible = 0;
			defaultConfigurationName = Release;
		};
/* End XCConfigurationList section */
	};
	rootObject = 72C4A4C821325DDA005383F0 /* Project object */;
}
